
Microsoft Visual Studio Solution File, Format Version 12.00
# Visual Studio Version 17
VisualStudioVersion = 17.0.32002.185
MinimumVisualStudioVersion = 10.0.40219.1
Project("{9A19103F-16F7-4668-BE54-9A1E7A4F7556}") = "Maib.Sdk", "Maib.Sdk\Maib.Sdk.csproj", "{A76C8B51-6FFC-40E9-AB3F-604E5DDD8E9C}"
EndProject
Project("{2150E333-8FDC-42A3-9474-1A3956D46DE8}") = "Tests", "Tests", "{DD5DA6B4-DB14-4F6E-AC43-F4E5EA0A7164}"
EndProject
Project("{FAE04EC0-301F-11D3-BF4B-00C04F79EFBC}") = "Maib.Sdk.Tests", "Tests\Maib.Sdk.Tests\Maib.Sdk.Tests.csproj", "{F2DB29EF-55F6-4CBC-85B4-0C1A57AA64A1}"
EndProject
Project("{2150E333-8FDC-42A3-9474-1A3956D46DE8}") = "src", "src", "{B9289FD1-0E0C-4A25-8AA5-7545C4B0AD65}"
EndProject
Global
	GlobalSection(SolutionConfigurationPlatforms) = preSolution
		Debug|Any CPU = Debug|Any CPU
		Release|Any CPU = Release|Any CPU
	EndGlobalSection
	GlobalSection(ProjectConfigurationPlatforms) = postSolution
		{A76C8B51-6FFC-40E9-AB3F-604E5DDD8E9C}.Debug|Any CPU.ActiveCfg = Debug|Any CPU
		{A76C8B51-6FFC-40E9-AB3F-604E5DDD8E9C}.Debug|Any CPU.Build.0 = Debug|Any CPU
		{A76C8B51-6FFC-40E9-AB3F-604E5DDD8E9C}.Release|Any CPU.ActiveCfg = Release|Any CPU
		{A76C8B51-6FFC-40E9-AB3F-604E5DDD8E9C}.Release|Any CPU.Build.0 = Release|Any CPU
		{F2DB29EF-55F6-4CBC-85B4-0C1A57AA64A1}.Debug|Any CPU.ActiveCfg = Debug|Any CPU
		{F2DB29EF-55F6-4CBC-85B4-0C1A57AA64A1}.Debug|Any CPU.Build.0 = Debug|Any CPU
		{F2DB29EF-55F6-4CBC-85B4-0C1A57AA64A1}.Release|Any CPU.ActiveCfg = Release|Any CPU
		{F2DB29EF-55F6-4CBC-85B4-0C1A57AA64A1}.Release|Any CPU.Build.0 = Release|Any CPU
	EndGlobalSection
	GlobalSection(SolutionProperties) = preSolution
		HideSolutionNode = FALSE
	EndGlobalSection
	GlobalSection(NestedProjects) = preSolution
		{A76C8B51-6FFC-40E9-AB3F-604E5DDD8E9C} = {B9289FD1-0E0C-4A25-8AA5-7545C4B0AD65}
		{F2DB29EF-55F6-4CBC-85B4-0C1A57AA64A1} = {DD5DA6B4-DB14-4F6E-AC43-F4E5EA0A7164}
	EndGlobalSection
	GlobalSection(ExtensibilityGlobals) = postSolution
		SolutionGuid = {75E24FDA-E395-469C-93A9-86E7F247616D}
	EndGlobalSection
EndGlobal
